
Microsoft Visual Studio Solution File, Format Version 12.00
# Visual Studio Version 17
VisualStudioVersion = 17.9.34616.47
MinimumVisualStudioVersion = 10.0.40219.1
Project("{9A19103F-16F7-4668-BE54-9A1E7A4F7556}") = "AvciCarRental.Api", "AvciCarRental.Api\AvciCarRental.Api.csproj", "{ABF65DBD-58F9-4AF7-9215-6DEBDCE8DDC0}"
EndProject
Project("{FAE04EC0-301F-11D3-BF4B-00C04F79EFBC}") = "AvciCarRental.DataLayer", "AvciCarRental.DataLayer\AvciCarRental.DataLayer.csproj", "{7F7A548A-9F56-4CA9-9E52-9FB754B7997C}"
EndProject
Global
	GlobalSection(SolutionConfigurationPlatforms) = preSolution
		Debug|Any CPU = Debug|Any CPU
		Release|Any CPU = Release|Any CPU
	EndGlobalSection
	GlobalSection(ProjectConfigurationPlatforms) = postSolution
		{ABF65DBD-58F9-4AF7-9215-6DEBDCE8DDC0}.Debug|Any CPU.ActiveCfg = Debug|Any CPU
		{ABF65DBD-58F9-4AF7-9215-6DEBDCE8DDC0}.Debug|Any CPU.Build.0 = Debug|Any CPU
		{ABF65DBD-58F9-4AF7-9215-6DEBDCE8DDC0}.Release|Any CPU.ActiveCfg = Release|Any CPU
		{ABF65DBD-58F9-4AF7-9215-6DEBDCE8DDC0}.Release|Any CPU.Build.0 = Release|Any CPU
		{7F7A548A-9F56-4CA9-9E52-9FB754B7997C}.Debug|Any CPU.ActiveCfg = Debug|Any CPU
		{7F7A548A-9F56-4CA9-9E52-9FB754B7997C}.Debug|Any CPU.Build.0 = Debug|Any CPU
		{7F7A548A-9F56-4CA9-9E52-9FB754B7997C}.Release|Any CPU.ActiveCfg = Release|Any CPU
		{7F7A548A-9F56-4CA9-9E52-9FB754B7997C}.Release|Any CPU.Build.0 = Release|Any CPU
	EndGlobalSection
	GlobalSection(SolutionProperties) = preSolution
		HideSolutionNode = FALSE
	EndGlobalSection
	GlobalSection(ExtensibilityGlobals) = postSolution
		SolutionGuid = {88B9057F-AE4C-43E0-BEB0-2681C1895996}
	EndGlobalSection
EndGlobal
